
Microsoft Visual Studio Solution File, Format Version 12.00
# Visual Studio Version 17
VisualStudioVersion = 17.11.35222.181
MinimumVisualStudioVersion = 10.0.40219.1
Project("{FAE04EC0-301F-11D3-BF4B-00C04F79EFBC}") = "StuldastolClient", "StuldastolClient\StuldastolClient.csproj", "{06C2D868-C08A-4652-8EF6-C7542FE91BD7}"
EndProject
Project("{FAE04EC0-301F-11D3-BF4B-00C04F79EFBC}") = "StuldastolProduction", "StuldastolProduction\StuldastolProduction.csproj", "{C34E2BA5-2A0C-4D4C-9FBB-3B2FFA65432B}"
EndProject
Project("{FAE04EC0-301F-11D3-BF4B-00C04F79EFBC}") = "StuldastolClient.Tests", "StuldastolClient.Tests\StuldastolClient.Tests.csproj", "{7B9876A8-9BC3-49D2-8B74-1F7744CF2526}"
EndProject
Global
	GlobalSection(SolutionConfigurationPlatforms) = preSolution
		Debug|Any CPU = Debug|Any CPU
		Release|Any CPU = Release|Any CPU
	EndGlobalSection
	GlobalSection(ProjectConfigurationPlatforms) = postSolution
		{06C2D868-C08A-4652-8EF6-C7542FE91BD7}.Debug|Any CPU.ActiveCfg = Debug|Any CPU
		{06C2D868-C08A-4652-8EF6-C7542FE91BD7}.Debug|Any CPU.Build.0 = Debug|Any CPU
		{06C2D868-C08A-4652-8EF6-C7542FE91BD7}.Release|Any CPU.ActiveCfg = Release|Any CPU
		{06C2D868-C08A-4652-8EF6-C7542FE91BD7}.Release|Any CPU.Build.0 = Release|Any CPU
		{C34E2BA5-2A0C-4D4C-9FBB-3B2FFA65432B}.Debug|Any CPU.ActiveCfg = Debug|Any CPU
		{C34E2BA5-2A0C-4D4C-9FBB-3B2FFA65432B}.Debug|Any CPU.Build.0 = Debug|Any CPU
		{C34E2BA5-2A0C-4D4C-9FBB-3B2FFA65432B}.Release|Any CPU.ActiveCfg = Release|Any CPU
		{C34E2BA5-2A0C-4D4C-9FBB-3B2FFA65432B}.Release|Any CPU.Build.0 = Release|Any CPU
		{7B9876A8-9BC3-49D2-8B74-1F7744CF2526}.Debug|Any CPU.ActiveCfg = Debug|Any CPU
		{7B9876A8-9BC3-49D2-8B74-1F7744CF2526}.Debug|Any CPU.Build.0 = Debug|Any CPU
		{7B9876A8-9BC3-49D2-8B74-1F7744CF2526}.Release|Any CPU.ActiveCfg = Release|Any CPU
		{7B9876A8-9BC3-49D2-8B74-1F7744CF2526}.Release|Any CPU.Build.0 = Release|Any CPU
	EndGlobalSection
	GlobalSection(SolutionProperties) = preSolution
		HideSolutionNode = FALSE
	EndGlobalSection
	GlobalSection(ExtensibilityGlobals) = postSolution
		SolutionGuid = {33605595-EC7D-4694-9320-72390F679A6B}
	EndGlobalSection
EndGlobal
